
Microsoft Visual Studio Solution File, Format Version 12.00
# Visual Studio Version 17
VisualStudioVersion = 17.6.33815.320
MinimumVisualStudioVersion = 10.0.40219.1
Project("{FAE04EC0-301F-11D3-BF4B-00C04F79EFBC}") = "Strana.Revit.HoleTask", "Strana.Revit\Strana.Revit.HoleTask.csproj", "{BC4CB9E9-3C68-4898-8349-6EC56350FE83}"
EndProject
Project("{FAE04EC0-301F-11D3-BF4B-00C04F79EFBC}") = "GloryHole", "GloryHole\GloryHole.csproj", "{11F04B26-6601-47A1-BE40-C22370664E4B}"
EndProject
Global
	GlobalSection(SolutionConfigurationPlatforms) = preSolution
		Debug|Any CPU = Debug|Any CPU
		Debug|x64 = Debug|x64
		R2019|Any CPU = R2019|Any CPU
		R2019|x64 = R2019|x64
		R2020|Any CPU = R2020|Any CPU
		R2020|x64 = R2020|x64
		R2021|Any CPU = R2021|Any CPU
		R2021|x64 = R2021|x64
		R2022|Any CPU = R2022|Any CPU
		R2022|x64 = R2022|x64
		R2023|Any CPU = R2023|Any CPU
		R2023|x64 = R2023|x64
		Release|Any CPU = Release|Any CPU
		Release|x64 = Release|x64
	EndGlobalSection
	GlobalSection(ProjectConfigurationPlatforms) = postSolution
		{BC4CB9E9-3C68-4898-8349-6EC56350FE83}.Debug|Any CPU.ActiveCfg = Debug|Any CPU
		{BC4CB9E9-3C68-4898-8349-6EC56350FE83}.Debug|Any CPU.Build.0 = Debug|Any CPU
		{BC4CB9E9-3C68-4898-8349-6EC56350FE83}.Debug|x64.ActiveCfg = Debug|x64
		{BC4CB9E9-3C68-4898-8349-6EC56350FE83}.Debug|x64.Build.0 = Debug|x64
		{BC4CB9E9-3C68-4898-8349-6EC56350FE83}.R2019|Any CPU.ActiveCfg = Release|Any CPU
		{BC4CB9E9-3C68-4898-8349-6EC56350FE83}.R2019|Any CPU.Build.0 = Release|Any CPU
		{BC4CB9E9-3C68-4898-8349-6EC56350FE83}.R2019|x64.ActiveCfg = Release|x64
		{BC4CB9E9-3C68-4898-8349-6EC56350FE83}.R2019|x64.Build.0 = Release|x64
		{BC4CB9E9-3C68-4898-8349-6EC56350FE83}.R2020|Any CPU.ActiveCfg = Release|Any CPU
		{BC4CB9E9-3C68-4898-8349-6EC56350FE83}.R2020|Any CPU.Build.0 = Release|Any CPU
		{BC4CB9E9-3C68-4898-8349-6EC56350FE83}.R2020|x64.ActiveCfg = Release|x64
		{BC4CB9E9-3C68-4898-8349-6EC56350FE83}.R2020|x64.Build.0 = Release|x64
		{BC4CB9E9-3C68-4898-8349-6EC56350FE83}.R2021|Any CPU.ActiveCfg = Release|Any CPU
		{BC4CB9E9-3C68-4898-8349-6EC56350FE83}.R2021|Any CPU.Build.0 = Release|Any CPU
		{BC4CB9E9-3C68-4898-8349-6EC56350FE83}.R2021|x64.ActiveCfg = Release|x64
		{BC4CB9E9-3C68-4898-8349-6EC56350FE83}.R2021|x64.Build.0 = Release|x64
		{BC4CB9E9-3C68-4898-8349-6EC56350FE83}.R2022|Any CPU.ActiveCfg = Release|Any CPU
		{BC4CB9E9-3C68-4898-8349-6EC56350FE83}.R2022|Any CPU.Build.0 = Release|Any CPU
		{BC4CB9E9-3C68-4898-8349-6EC56350FE83}.R2022|x64.ActiveCfg = Release|x64
		{BC4CB9E9-3C68-4898-8349-6EC56350FE83}.R2022|x64.Build.0 = Release|x64
		{BC4CB9E9-3C68-4898-8349-6EC56350FE83}.R2023|Any CPU.ActiveCfg = Release|Any CPU
		{BC4CB9E9-3C68-4898-8349-6EC56350FE83}.R2023|Any CPU.Build.0 = Release|Any CPU
		{BC4CB9E9-3C68-4898-8349-6EC56350FE83}.R2023|x64.ActiveCfg = Release|x64
		{BC4CB9E9-3C68-4898-8349-6EC56350FE83}.R2023|x64.Build.0 = Release|x64
		{BC4CB9E9-3C68-4898-8349-6EC56350FE83}.Release|Any CPU.ActiveCfg = Release|Any CPU
		{BC4CB9E9-3C68-4898-8349-6EC56350FE83}.Release|Any CPU.Build.0 = Release|Any CPU
		{BC4CB9E9-3C68-4898-8349-6EC56350FE83}.Release|x64.ActiveCfg = Release|x64
		{BC4CB9E9-3C68-4898-8349-6EC56350FE83}.Release|x64.Build.0 = Release|x64
		{11F04B26-6601-47A1-BE40-C22370664E4B}.Debug|Any CPU.ActiveCfg = Debug|Any CPU
		{11F04B26-6601-47A1-BE40-C22370664E4B}.Debug|Any CPU.Build.0 = Debug|Any CPU
		{11F04B26-6601-47A1-BE40-C22370664E4B}.Debug|x64.ActiveCfg = Debug|Any CPU
		{11F04B26-6601-47A1-BE40-C22370664E4B}.Debug|x64.Build.0 = Debug|Any CPU
		{11F04B26-6601-47A1-BE40-C22370664E4B}.R2019|Any CPU.ActiveCfg = R2019|Any CPU
		{11F04B26-6601-47A1-BE40-C22370664E4B}.R2019|Any CPU.Build.0 = R2019|Any CPU
		{11F04B26-6601-47A1-BE40-C22370664E4B}.R2019|x64.ActiveCfg = R2019|Any CPU
		{11F04B26-6601-47A1-BE40-C22370664E4B}.R2019|x64.Build.0 = R2019|Any CPU
		{11F04B26-6601-47A1-BE40-C22370664E4B}.R2020|Any CPU.ActiveCfg = R2020|Any CPU
		{11F04B26-6601-47A1-BE40-C22370664E4B}.R2020|Any CPU.Build.0 = R2020|Any CPU
		{11F04B26-6601-47A1-BE40-C22370664E4B}.R2020|x64.ActiveCfg = R2020|Any CPU
		{11F04B26-6601-47A1-BE40-C22370664E4B}.R2020|x64.Build.0 = R2020|Any CPU
		{11F04B26-6601-47A1-BE40-C22370664E4B}.R2021|Any CPU.ActiveCfg = R2021|Any CPU
		{11F04B26-6601-47A1-BE40-C22370664E4B}.R2021|Any CPU.Build.0 = R2021|Any CPU
		{11F04B26-6601-47A1-BE40-C22370664E4B}.R2021|x64.ActiveCfg = R2021|Any CPU
		{11F04B26-6601-47A1-BE40-C22370664E4B}.R2021|x64.Build.0 = R2021|Any CPU
		{11F04B26-6601-47A1-BE40-C22370664E4B}.R2022|Any CPU.ActiveCfg = R2022|Any CPU
		{11F04B26-6601-47A1-BE40-C22370664E4B}.R2022|Any CPU.Build.0 = R2022|Any CPU
		{11F04B26-6601-47A1-BE40-C22370664E4B}.R2022|x64.ActiveCfg = R2022|Any CPU
		{11F04B26-6601-47A1-BE40-C22370664E4B}.R2022|x64.Build.0 = R2022|Any CPU
		{11F04B26-6601-47A1-BE40-C22370664E4B}.R2023|Any CPU.ActiveCfg = R2023|Any CPU
		{11F04B26-6601-47A1-BE40-C22370664E4B}.R2023|Any CPU.Build.0 = R2023|Any CPU
		{11F04B26-6601-47A1-BE40-C22370664E4B}.R2023|x64.ActiveCfg = R2023|Any CPU
		{11F04B26-6601-47A1-BE40-C22370664E4B}.R2023|x64.Build.0 = R2023|Any CPU
		{11F04B26-6601-47A1-BE40-C22370664E4B}.Release|Any CPU.ActiveCfg = R2019|Any CPU
		{11F04B26-6601-47A1-BE40-C22370664E4B}.Release|Any CPU.Build.0 = R2019|Any CPU
		{11F04B26-6601-47A1-BE40-C22370664E4B}.Release|x64.ActiveCfg = R2019|Any CPU
		{11F04B26-6601-47A1-BE40-C22370664E4B}.Release|x64.Build.0 = R2019|Any CPU
	EndGlobalSection
	GlobalSection(SolutionProperties) = preSolution
		HideSolutionNode = FALSE
	EndGlobalSection
	GlobalSection(ExtensibilityGlobals) = postSolution
		SolutionGuid = {19B8AE60-B438-41D0-8120-9F4ACC3EFB87}
	EndGlobalSection
EndGlobal
